// !$*UTF8*$!
{
	archiveVersion = 1;
	classes = {
	};
	objectVersion = 56;
	objects = {

/* Begin PBXBuildFile section */
		F1441E8A2B8A73B4001BA4D7 /* FaceFactsApp.swift in Sources */ = {isa = PBXBuildFile; fileRef = F1441E892B8A73B4001BA4D7 /* FaceFactsApp.swift */; };
		F1441E8C2B8A73B4001BA4D7 /* ContentView.swift in Sources */ = {isa = PBXBuildFile; fileRef = F1441E8B2B8A73B4001BA4D7 /* ContentView.swift */; };
		F1441E8E2B8A73B9001BA4D7 /* Assets.xcassets in Resources */ = {isa = PBXBuildFile; fileRef = F1441E8D2B8A73B9001BA4D7 /* Assets.xcassets */; };
		F1441E912B8A73B9001BA4D7 /* Preview Assets.xcassets in Resources */ = {isa = PBXBuildFile; fileRef = F1441E902B8A73B9001BA4D7 /* Preview Assets.xcassets */; };
		F1441E9B2B8A73B9001BA4D7 /* FaceFactsTests.swift in Sources */ = {isa = PBXBuildFile; fileRef = F1441E9A2B8A73B9001BA4D7 /* FaceFactsTests.swift */; };
		F1441EA52B8A73B9001BA4D7 /* FaceFactsUITests.swift in Sources */ = {isa = PBXBuildFile; fileRef = F1441EA42B8A73B9001BA4D7 /* FaceFactsUITests.swift */; };
		F1441EA72B8A73B9001BA4D7 /* FaceFactsUITestsLaunchTests.swift in Sources */ = {isa = PBXBuildFile; fileRef = F1441EA62B8A73B9001BA4D7 /* FaceFactsUITestsLaunchTests.swift */; };
		F1441EB42B8A7551001BA4D7 /* Person.swift in Sources */ = {isa = PBXBuildFile; fileRef = F1441EB32B8A7551001BA4D7 /* Person.swift */; };
		F1441EB62B8A7A84001BA4D7 /* EditPersonView.swift in Sources */ = {isa = PBXBuildFile; fileRef = F1441EB52B8A7A84001BA4D7 /* EditPersonView.swift */; };
		F1441EB82B8A87AF001BA4D7 /* PeopleView.swift in Sources */ = {isa = PBXBuildFile; fileRef = F1441EB72B8A87AF001BA4D7 /* PeopleView.swift */; };
		F1441EBA2B8A8EBF001BA4D7 /* Event.swift in Sources */ = {isa = PBXBuildFile; fileRef = F1441EB92B8A8EBF001BA4D7 /* Event.swift */; };
		F1441EBC2B8A901B001BA4D7 /* EditEventView.swift in Sources */ = {isa = PBXBuildFile; fileRef = F1441EBB2B8A901B001BA4D7 /* EditEventView.swift */; };
		F1441EBE2B8A964C001BA4D7 /* Previewer.swift in Sources */ = {isa = PBXBuildFile; fileRef = F1441EBD2B8A964C001BA4D7 /* Previewer.swift */; };
/* End PBXBuildFile section */

/* Begin PBXContainerItemProxy section */
		F1441E972B8A73B9001BA4D7 /* PBXContainerItemProxy */ = {
			isa = PBXContainerItemProxy;
			containerPortal = F1441E7E2B8A73B4001BA4D7 /* Project object */;
			proxyType = 1;
			remoteGlobalIDString = F1441E852B8A73B4001BA4D7;
			remoteInfo = FaceFacts;
		};
		F1441EA12B8A73B9001BA4D7 /* PBXContainerItemProxy */ = {
			isa = PBXContainerItemProxy;
			containerPortal = F1441E7E2B8A73B4001BA4D7 /* Project object */;
			proxyType = 1;
			remoteGlobalIDString = F1441E852B8A73B4001BA4D7;
			remoteInfo = FaceFacts;
		};
/* End PBXContainerItemProxy section */

/* Begin PBXFileReference section */
		F1441E862B8A73B4001BA4D7 /* FaceFacts.app */ = {isa = PBXFileReference; explicitFileType = wrapper.application; includeInIndex = 0; path = FaceFacts.app; sourceTree = BUILT_PRODUCTS_DIR; };
		F1441E892B8A73B4001BA4D7 /* FaceFactsApp.swift */ = {isa = PBXFileReference; lastKnownFileType = sourcecode.swift; path = FaceFactsApp.swift; sourceTree = "<group>"; };
		F1441E8B2B8A73B4001BA4D7 /* ContentView.swift */ = {isa = PBXFileReference; lastKnownFileType = sourcecode.swift; path = ContentView.swift; sourceTree = "<group>"; };
		F1441E8D2B8A73B9001BA4D7 /* Assets.xcassets */ = {isa = PBXFileReference; lastKnownFileType = folder.assetcatalog; path = Assets.xcassets; sourceTree = "<group>"; };
		F1441E902B8A73B9001BA4D7 /* Preview Assets.xcassets */ = {isa = PBXFileReference; lastKnownFileType = folder.assetcatalog; path = "Preview Assets.xcassets"; sourceTree = "<group>"; };
		F1441E962B8A73B9001BA4D7 /* FaceFactsTests.xctest */ = {isa = PBXFileReference; explicitFileType = wrapper.cfbundle; includeInIndex = 0; path = FaceFactsTests.xctest; sourceTree = BUILT_PRODUCTS_DIR; };
		F1441E9A2B8A73B9001BA4D7 /* FaceFactsTests.swift */ = {isa = PBXFileReference; lastKnownFileType = sourcecode.swift; path = FaceFactsTests.swift; sourceTree = "<group>"; };
		F1441EA02B8A73B9001BA4D7 /* FaceFactsUITests.xctest */ = {isa = PBXFileReference; explicitFileType = wrapper.cfbundle; includeInIndex = 0; path = FaceFactsUITests.xctest; sourceTree = BUILT_PRODUCTS_DIR; };
		F1441EA42B8A73B9001BA4D7 /* FaceFactsUITests.swift */ = {isa = PBXFileReference; lastKnownFileType = sourcecode.swift; path = FaceFactsUITests.swift; sourceTree = "<group>"; };
		F1441EA62B8A73B9001BA4D7 /* FaceFactsUITestsLaunchTests.swift */ = {isa = PBXFileReference; lastKnownFileType = sourcecode.swift; path = FaceFactsUITestsLaunchTests.swift; sourceTree = "<group>"; };
		F1441EB32B8A7551001BA4D7 /* Person.swift */ = {isa = PBXFileReference; lastKnownFileType = sourcecode.swift; path = Person.swift; sourceTree = "<group>"; };
		F1441EB52B8A7A84001BA4D7 /* EditPersonView.swift */ = {isa = PBXFileReference; lastKnownFileType = sourcecode.swift; path = EditPersonView.swift; sourceTree = "<group>"; };
		F1441EB72B8A87AF001BA4D7 /* PeopleView.swift */ = {isa = PBXFileReference; lastKnownFileType = sourcecode.swift; path = PeopleView.swift; sourceTree = "<group>"; };
		F1441EB92B8A8EBF001BA4D7 /* Event.swift */ = {isa = PBXFileReference; lastKnownFileType = sourcecode.swift; path = Event.swift; sourceTree = "<group>"; };
		F1441EBB2B8A901B001BA4D7 /* EditEventView.swift */ = {isa = PBXFileReference; lastKnownFileType = sourcecode.swift; path = EditEventView.swift; sourceTree = "<group>"; };
		F1441EBD2B8A964C001BA4D7 /* Previewer.swift */ = {isa = PBXFileReference; lastKnownFileType = sourcecode.swift; path = Previewer.swift; sourceTree = "<group>"; };
/* End PBXFileReference section */

/* Begin PBXFrameworksBuildPhase section */
		F1441E832B8A73B4001BA4D7 /* Frameworks */ = {
			isa = PBXFrameworksBuildPhase;
			buildActionMask = 2147483647;
			files = (
			);
			runOnlyForDeploymentPostprocessing = 0;
		};
		F1441E932B8A73B9001BA4D7 /* Frameworks */ = {
			isa = PBXFrameworksBuildPhase;
			buildActionMask = 2147483647;
			files = (
			);
			runOnlyForDeploymentPostprocessing = 0;
		};
		F1441E9D2B8A73B9001BA4D7 /* Frameworks */ = {
			isa = PBXFrameworksBuildPhase;
			buildActionMask = 2147483647;
			files = (
			);
			runOnlyForDeploymentPostprocessing = 0;
		};
/* End PBXFrameworksBuildPhase section */

/* Begin PBXGroup section */
		F1441E7D2B8A73B4001BA4D7 = {
			isa = PBXGroup;
			children = (
				F1441E882B8A73B4001BA4D7 /* FaceFacts */,
				F1441E992B8A73B9001BA4D7 /* FaceFactsTests */,
				F1441EA32B8A73B9001BA4D7 /* FaceFactsUITests */,
				F1441E872B8A73B4001BA4D7 /* Products */,
			);
			sourceTree = "<group>";
		};
		F1441E872B8A73B4001BA4D7 /* Products */ = {
			isa = PBXGroup;
			children = (
				F1441E862B8A73B4001BA4D7 /* FaceFacts.app */,
				F1441E962B8A73B9001BA4D7 /* FaceFactsTests.xctest */,
				F1441EA02B8A73B9001BA4D7 /* FaceFactsUITests.xctest */,
			);
			name = Products;
			sourceTree = "<group>";
		};
		F1441E882B8A73B4001BA4D7 /* FaceFacts */ = {
			isa = PBXGroup;
			children = (
				F1441E892B8A73B4001BA4D7 /* FaceFactsApp.swift */,
				F1441E8B2B8A73B4001BA4D7 /* ContentView.swift */,
				F1441E8D2B8A73B9001BA4D7 /* Assets.xcassets */,
				F1441E8F2B8A73B9001BA4D7 /* Preview Content */,
				F1441EB32B8A7551001BA4D7 /* Person.swift */,
				F1441EB52B8A7A84001BA4D7 /* EditPersonView.swift */,
				F1441EB72B8A87AF001BA4D7 /* PeopleView.swift */,
				F1441EB92B8A8EBF001BA4D7 /* Event.swift */,
				F1441EBB2B8A901B001BA4D7 /* EditEventView.swift */,
				F1441EBD2B8A964C001BA4D7 /* Previewer.swift */,
			);
			path = FaceFacts;
			sourceTree = "<group>";
		};
		F1441E8F2B8A73B9001BA4D7 /* Preview Content */ = {
			isa = PBXGroup;
			children = (
				F1441E902B8A73B9001BA4D7 /* Preview Assets.xcassets */,
			);
			path = "Preview Content";
			sourceTree = "<group>";
		};
		F1441E992B8A73B9001BA4D7 /* FaceFactsTests */ = {
			isa = PBXGroup;
			children = (
				F1441E9A2B8A73B9001BA4D7 /* FaceFactsTests.swift */,
			);
			path = FaceFactsTests;
			sourceTree = "<group>";
		};
		F1441EA32B8A73B9001BA4D7 /* FaceFactsUITests */ = {
			isa = PBXGroup;
			children = (
				F1441EA42B8A73B9001BA4D7 /* FaceFactsUITests.swift */,
				F1441EA62B8A73B9001BA4D7 /* FaceFactsUITestsLaunchTests.swift */,
			);
			path = FaceFactsUITests;
			sourceTree = "<group>";
		};
/* End PBXGroup section */

/* Begin PBXNativeTarget section */
		F1441E852B8A73B4001BA4D7 /* FaceFacts */ = {
			isa = PBXNativeTarget;
			buildConfigurationList = F1441EAA2B8A73B9001BA4D7 /* Build configuration list for PBXNativeTarget "FaceFacts" */;
			buildPhases = (
				F1441E822B8A73B4001BA4D7 /* Sources */,
				F1441E832B8A73B4001BA4D7 /* Frameworks */,
				F1441E842B8A73B4001BA4D7 /* Resources */,
			);
			buildRules = (
			);
			dependencies = (
			);
			name = FaceFacts;
			productName = FaceFacts;
			productReference = F1441E862B8A73B4001BA4D7 /* FaceFacts.app */;
			productType = "com.apple.product-type.application";
		};
		F1441E952B8A73B9001BA4D7 /* FaceFactsTests */ = {
			isa = PBXNativeTarget;
			buildConfigurationList = F1441EAD2B8A73B9001BA4D7 /* Build configuration list for PBXNativeTarget "FaceFactsTests" */;
			buildPhases = (
				F1441E922B8A73B9001BA4D7 /* Sources */,
				F1441E932B8A73B9001BA4D7 /* Frameworks */,
				F1441E942B8A73B9001BA4D7 /* Resources */,
			);
			buildRules = (
			);
			dependencies = (
				F1441E982B8A73B9001BA4D7 /* PBXTargetDependency */,
			);
			name = FaceFactsTests;
			productName = FaceFactsTests;
			productReference = F1441E962B8A73B9001BA4D7 /* FaceFactsTests.xctest */;
			productType = "com.apple.product-type.bundle.unit-test";
		};
		F1441E9F2B8A73B9001BA4D7 /* FaceFactsUITests */ = {
			isa = PBXNativeTarget;
			buildConfigurationList = F1441EB02B8A73B9001BA4D7 /* Build configuration list for PBXNativeTarget "FaceFactsUITests" */;
			buildPhases = (
				F1441E9C2B8A73B9001BA4D7 /* Sources */,
				F1441E9D2B8A73B9001BA4D7 /* Frameworks */,
				F1441E9E2B8A73B9001BA4D7 /* Resources */,
			);
			buildRules = (
			);
			dependencies = (
				F1441EA22B8A73B9001BA4D7 /* PBXTargetDependency */,
			);
			name = FaceFactsUITests;
			productName = FaceFactsUITests;
			productReference = F1441EA02B8A73B9001BA4D7 /* FaceFactsUITests.xctest */;
			productType = "com.apple.product-type.bundle.ui-testing";
		};
/* End PBXNativeTarget section */

/* Begin PBXProject section */
		F1441E7E2B8A73B4001BA4D7 /* Project object */ = {
			isa = PBXProject;
			attributes = {
				BuildIndependentTargetsInParallel = 1;
				LastSwiftUpdateCheck = 1520;
				LastUpgradeCheck = 1520;
				TargetAttributes = {
					F1441E852B8A73B4001BA4D7 = {
						CreatedOnToolsVersion = 15.2;
					};
					F1441E952B8A73B9001BA4D7 = {
						CreatedOnToolsVersion = 15.2;
						TestTargetID = F1441E852B8A73B4001BA4D7;
					};
					F1441E9F2B8A73B9001BA4D7 = {
						CreatedOnToolsVersion = 15.2;
						TestTargetID = F1441E852B8A73B4001BA4D7;
					};
				};
			};
			buildConfigurationList = F1441E812B8A73B4001BA4D7 /* Build configuration list for PBXProject "FaceFacts" */;
			compatibilityVersion = "Xcode 14.0";
			developmentRegion = en;
			hasScannedForEncodings = 0;
			knownRegions = (
				en,
				Base,
			);
			mainGroup = F1441E7D2B8A73B4001BA4D7;
			productRefGroup = F1441E872B8A73B4001BA4D7 /* Products */;
			projectDirPath = "";
			projectRoot = "";
			targets = (
				F1441E852B8A73B4001BA4D7 /* FaceFacts */,
				F1441E952B8A73B9001BA4D7 /* FaceFactsTests */,
				F1441E9F2B8A73B9001BA4D7 /* FaceFactsUITests */,
			);
		};
/* End PBXProject section */

/* Begin PBXResourcesBuildPhase section */
		F1441E842B8A73B4001BA4D7 /* Resources */ = {
			isa = PBXResourcesBuildPhase;
			buildActionMask = 2147483647;
			files = (
				F1441E912B8A73B9001BA4D7 /* Preview Assets.xcassets in Resources */,
				F1441E8E2B8A73B9001BA4D7 /* Assets.xcassets in Resources */,
			);
			runOnlyForDeploymentPostprocessing = 0;
		};
		F1441E942B8A73B9001BA4D7 /* Resources */ = {
			isa = PBXResourcesBuildPhase;
			buildActionMask = 2147483647;
			files = (
			);
			runOnlyForDeploymentPostprocessing = 0;
		};
		F1441E9E2B8A73B9001BA4D7 /* Resources */ = {
			isa = PBXResourcesBuildPhase;
			buildActionMask = 2147483647;
			files = (
			);
			runOnlyForDeploymentPostprocessing = 0;
		};
/* End PBXResourcesBuildPhase section */

/* Begin PBXSourcesBuildPhase section */
		F1441E822B8A73B4001BA4D7 /* Sources */ = {
			isa = PBXSourcesBuildPhase;
			buildActionMask = 2147483647;
			files = (
				F1441EB42B8A7551001BA4D7 /* Person.swift in Sources */,
				F1441EB82B8A87AF001BA4D7 /* PeopleView.swift in Sources */,
				F1441E8C2B8A73B4001BA4D7 /* ContentView.swift in Sources */,
				F1441EBE2B8A964C001BA4D7 /* Previewer.swift in Sources */,
				F1441E8A2B8A73B4001BA4D7 /* FaceFactsApp.swift in Sources */,
				F1441EBA2B8A8EBF001BA4D7 /* Event.swift in Sources */,
				F1441EB62B8A7A84001BA4D7 /* EditPersonView.swift in Sources */,
				F1441EBC2B8A901B001BA4D7 /* EditEventView.swift in Sources */,
			);
			runOnlyForDeploymentPostprocessing = 0;
		};
		F1441E922B8A73B9001BA4D7 /* Sources */ = {
			isa = PBXSourcesBuildPhase;
			buildActionMask = 2147483647;
			files = (
				F1441E9B2B8A73B9001BA4D7 /* FaceFactsTests.swift in Sources */,
			);
			runOnlyForDeploymentPostprocessing = 0;
		};
		F1441E9C2B8A73B9001BA4D7 /* Sources */ = {
			isa = PBXSourcesBuildPhase;
			buildActionMask = 2147483647;
			files = (
				F1441EA52B8A73B9001BA4D7 /* FaceFactsUITests.swift in Sources */,
				F1441EA72B8A73B9001BA4D7 /* FaceFactsUITestsLaunchTests.swift in Sources */,
			);
			runOnlyForDeploymentPostprocessing = 0;
		};
/* End PBXSourcesBuildPhase section */

/* Begin PBXTargetDependency section */
		F1441E982B8A73B9001BA4D7 /* PBXTargetDependency */ = {
			isa = PBXTargetDependency;
			target = F1441E852B8A73B4001BA4D7 /* FaceFacts */;
			targetProxy = F1441E972B8A73B9001BA4D7 /* PBXContainerItemProxy */;
		};
		F1441EA22B8A73B9001BA4D7 /* PBXTargetDependency */ = {
			isa = PBXTargetDependency;
			target = F1441E852B8A73B4001BA4D7 /* FaceFacts */;
			targetProxy = F1441EA12B8A73B9001BA4D7 /* PBXContainerItemProxy */;
		};
/* End PBXTargetDependency section */

/* Begin XCBuildConfiguration section */
		F1441EA82B8A73B9001BA4D7 /* Debug */ = {
			isa = XCBuildConfiguration;
			buildSettings = {
				ALWAYS_SEARCH_USER_PATHS = NO;
				ASSETCATALOG_COMPILER_GENERATE_SWIFT_ASSET_SYMBOL_EXTENSIONS = YES;
				CLANG_ANALYZER_NONNULL = YES;
				CLANG_ANALYZER_NUMBER_OBJECT_CONVERSION = YES_AGGRESSIVE;
				CLANG_CXX_LANGUAGE_STANDARD = "gnu++20";
				CLANG_ENABLE_MODULES = YES;
				CLANG_ENABLE_OBJC_ARC = YES;
				CLANG_ENABLE_OBJC_WEAK = YES;
				CLANG_WARN_BLOCK_CAPTURE_AUTORELEASING = YES;
				CLANG_WARN_BOOL_CONVERSION = YES;
				CLANG_WARN_COMMA = YES;
				CLANG_WARN_CONSTANT_CONVERSION = YES;
				CLANG_WARN_DEPRECATED_OBJC_IMPLEMENTATIONS = YES;
				CLANG_WARN_DIRECT_OBJC_ISA_USAGE = YES_ERROR;
				CLANG_WARN_DOCUMENTATION_COMMENTS = YES;
				CLANG_WARN_EMPTY_BODY = YES;
				CLANG_WARN_ENUM_CONVERSION = YES;
				CLANG_WARN_INFINITE_RECURSION = YES;
				CLANG_WARN_INT_CONVERSION = YES;
				CLANG_WARN_NON_LITERAL_NULL_CONVERSION = YES;
				CLANG_WARN_OBJC_IMPLICIT_RETAIN_SELF = YES;
				CLANG_WARN_OBJC_LITERAL_CONVERSION = YES;
				CLANG_WARN_OBJC_ROOT_CLASS = YES_ERROR;
				CLANG_WARN_QUOTED_INCLUDE_IN_FRAMEWORK_HEADER = YES;
				CLANG_WARN_RANGE_LOOP_ANALYSIS = YES;
				CLANG_WARN_STRICT_PROTOTYPES = YES;
				CLANG_WARN_SUSPICIOUS_MOVE = YES;
				CLANG_WARN_UNGUARDED_AVAILABILITY = YES_AGGRESSIVE;
				CLANG_WARN_UNREACHABLE_CODE = YES;
				CLANG_WARN__DUPLICATE_METHOD_MATCH = YES;
				COPY_PHASE_STRIP = NO;
				DEBUG_INFORMATION_FORMAT = dwarf;
				ENABLE_STRICT_OBJC_MSGSEND = YES;
				ENABLE_TESTABILITY = YES;
				ENABLE_USER_SCRIPT_SANDBOXING = YES;
				GCC_C_LANGUAGE_STANDARD = gnu17;
				GCC_DYNAMIC_NO_PIC = NO;
				GCC_NO_COMMON_BLOCKS = YES;
				GCC_OPTIMIZATION_LEVEL = 0;
				GCC_PREPROCESSOR_DEFINITIONS = (
					"DEBUG=1",
					"$(inherited)",
				);
				GCC_WARN_64_TO_32_BIT_CONVERSION = YES;
				GCC_WARN_ABOUT_RETURN_TYPE = YES_ERROR;
				GCC_WARN_UNDECLARED_SELECTOR = YES;
				GCC_WARN_UNINITIALIZED_AUTOS = YES_AGGRESSIVE;
				GCC_WARN_UNUSED_FUNCTION = YES;
				GCC_WARN_UNUSED_VARIABLE = YES;
				IPHONEOS_DEPLOYMENT_TARGET = 17.2;
				LOCALIZATION_PREFERS_STRING_CATALOGS = YES;
				MTL_ENABLE_DEBUG_INFO = INCLUDE_SOURCE;
				MTL_FAST_MATH = YES;
				ONLY_ACTIVE_ARCH = YES;
				SDKROOT = iphoneos;
				SWIFT_ACTIVE_COMPILATION_CONDITIONS = "DEBUG $(inherited)";
				SWIFT_OPTIMIZATION_LEVEL = "-Onone";
			};
			name = Debug;
		};
		F1441EA92B8A73B9001BA4D7 /* Release */ = {
			isa = XCBuildConfiguration;
			buildSettings = {
				ALWAYS_SEARCH_USER_PATHS = NO;
				ASSETCATALOG_COMPILER_GENERATE_SWIFT_ASSET_SYMBOL_EXTENSIONS = YES;
				CLANG_ANALYZER_NONNULL = YES;
				CLANG_ANALYZER_NUMBER_OBJECT_CONVERSION = YES_AGGRESSIVE;
				CLANG_CXX_LANGUAGE_STANDARD = "gnu++20";
				CLANG_ENABLE_MODULES = YES;
				CLANG_ENABLE_OBJC_ARC = YES;
				CLANG_ENABLE_OBJC_WEAK = YES;
				CLANG_WARN_BLOCK_CAPTURE_AUTORELEASING = YES;
				CLANG_WARN_BOOL_CONVERSION = YES;
				CLANG_WARN_COMMA = YES;
				CLANG_WARN_CONSTANT_CONVERSION = YES;
				CLANG_WARN_DEPRECATED_OBJC_IMPLEMENTATIONS = YES;
				CLANG_WARN_DIRECT_OBJC_ISA_USAGE = YES_ERROR;
				CLANG_WARN_DOCUMENTATION_COMMENTS = YES;
				CLANG_WARN_EMPTY_BODY = YES;
				CLANG_WARN_ENUM_CONVERSION = YES;
				CLANG_WARN_INFINITE_RECURSION = YES;
				CLANG_WARN_INT_CONVERSION = YES;
				CLANG_WARN_NON_LITERAL_NULL_CONVERSION = YES;
				CLANG_WARN_OBJC_IMPLICIT_RETAIN_SELF = YES;
				CLANG_WARN_OBJC_LITERAL_CONVERSION = YES;
				CLANG_WARN_OBJC_ROOT_CLASS = YES_ERROR;
				CLANG_WARN_QUOTED_INCLUDE_IN_FRAMEWORK_HEADER = YES;
				CLANG_WARN_RANGE_LOOP_ANALYSIS = YES;
				CLANG_WARN_STRICT_PROTOTYPES = YES;
				CLANG_WARN_SUSPICIOUS_MOVE = YES;
				CLANG_WARN_UNGUARDED_AVAILABILITY = YES_AGGRESSIVE;
				CLANG_WARN_UNREACHABLE_CODE = YES;
				CLANG_WARN__DUPLICATE_METHOD_MATCH = YES;
				COPY_PHASE_STRIP = NO;
				DEBUG_INFORMATION_FORMAT = "dwarf-with-dsym";
				ENABLE_NS_ASSERTIONS = NO;
				ENABLE_STRICT_OBJC_MSGSEND = YES;
				ENABLE_USER_SCRIPT_SANDBOXING = YES;
				GCC_C_LANGUAGE_STANDARD = gnu17;
				GCC_NO_COMMON_BLOCKS = YES;
				GCC_WARN_64_TO_32_BIT_CONVERSION = YES;
				GCC_WARN_ABOUT_RETURN_TYPE = YES_ERROR;
				GCC_WARN_UNDECLARED_SELECTOR = YES;
				GCC_WARN_UNINITIALIZED_AUTOS = YES_AGGRESSIVE;
				GCC_WARN_UNUSED_FUNCTION = YES;
				GCC_WARN_UNUSED_VARIABLE = YES;
				IPHONEOS_DEPLOYMENT_TARGET = 17.2;
				LOCALIZATION_PREFERS_STRING_CATALOGS = YES;
				MTL_ENABLE_DEBUG_INFO = NO;
				MTL_FAST_MATH = YES;
				SDKROOT = iphoneos;
				SWIFT_COMPILATION_MODE = wholemodule;
				VALIDATE_PRODUCT = YES;
			};
			name = Release;
		};
		F1441EAB2B8A73B9001BA4D7 /* Debug */ = {
			isa = XCBuildConfiguration;
			buildSettings = {
				ASSETCATALOG_COMPILER_APPICON_NAME = AppIcon;
				ASSETCATALOG_COMPILER_GLOBAL_ACCENT_COLOR_NAME = AccentColor;
				CODE_SIGN_STYLE = Automatic;
				CURRENT_PROJECT_VERSION = 1;
				DEVELOPMENT_ASSET_PATHS = "\"FaceFacts/Preview Content\"";
				DEVELOPMENT_TEAM = M456CSTQR2;
				ENABLE_PREVIEWS = YES;
				GENERATE_INFOPLIST_FILE = YES;
				INFOPLIST_KEY_UIApplicationSceneManifest_Generation = YES;
				INFOPLIST_KEY_UIApplicationSupportsIndirectInputEvents = YES;
				INFOPLIST_KEY_UILaunchScreen_Generation = YES;
				INFOPLIST_KEY_UISupportedInterfaceOrientations_iPad = "UIInterfaceOrientationPortrait UIInterfaceOrientationPortraitUpsideDown UIInterfaceOrientationLandscapeLeft UIInterfaceOrientationLandscapeRight";
				INFOPLIST_KEY_UISupportedInterfaceOrientations_iPhone = "UIInterfaceOrientationPortrait UIInterfaceOrientationLandscapeLeft UIInterfaceOrientationLandscapeRight";
				LD_RUNPATH_SEARCH_PATHS = (
					"$(inherited)",
					"@executable_path/Frameworks",
				);
				MARKETING_VERSION = 1.0;
				PRODUCT_BUNDLE_IDENTIFIER = com.bhavin.oza.FaceFacts;
				PRODUCT_NAME = "$(TARGET_NAME)";
				SWIFT_EMIT_LOC_STRINGS = YES;
				SWIFT_VERSION = 5.0;
				TARGETED_DEVICE_FAMILY = "1,2";
			};
			name = Debug;
		};
		F1441EAC2B8A73B9001BA4D7 /* Release */ = {
			isa = XCBuildConfiguration;
			buildSettings = {
				ASSETCATALOG_COMPILER_APPICON_NAME = AppIcon;
				ASSETCATALOG_COMPILER_GLOBAL_ACCENT_COLOR_NAME = AccentColor;
				CODE_SIGN_STYLE = Automatic;
				CURRENT_PROJECT_VERSION = 1;
				DEVELOPMENT_ASSET_PATHS = "\"FaceFacts/Preview Content\"";
				DEVELOPMENT_TEAM = M456CSTQR2;
				ENABLE_PREVIEWS = YES;
				GENERATE_INFOPLIST_FILE = YES;
				INFOPLIST_KEY_UIApplicationSceneManifest_Generation = YES;
				INFOPLIST_KEY_UIApplicationSupportsIndirectInputEvents = YES;
				INFOPLIST_KEY_UILaunchScreen_Generation = YES;
				INFOPLIST_KEY_UISupportedInterfaceOrientations_iPad = "UIInterfaceOrientationPortrait UIInterfaceOrientationPortraitUpsideDown UIInterfaceOrientationLandscapeLeft UIInterfaceOrientationLandscapeRight";
				INFOPLIST_KEY_UISupportedInterfaceOrientations_iPhone = "UIInterfaceOrientationPortrait UIInterfaceOrientationLandscapeLeft UIInterfaceOrientationLandscapeRight";
				LD_RUNPATH_SEARCH_PATHS = (
					"$(inherited)",
					"@executable_path/Frameworks",
				);
				MARKETING_VERSION = 1.0;
				PRODUCT_BUNDLE_IDENTIFIER = com.bhavin.oza.FaceFacts;
				PRODUCT_NAME = "$(TARGET_NAME)";
				SWIFT_EMIT_LOC_STRINGS = YES;
				SWIFT_VERSION = 5.0;
				TARGETED_DEVICE_FAMILY = "1,2";
			};
			name = Release;
		};
		F1441EAE2B8A73B9001BA4D7 /* Debug */ = {
			isa = XCBuildConfiguration;
			buildSettings = {
				ALWAYS_EMBED_SWIFT_STANDARD_LIBRARIES = YES;
				BUNDLE_LOADER = "$(TEST_HOST)";
				CODE_SIGN_STYLE = Automatic;
				CURRENT_PROJECT_VERSION = 1;
				DEVELOPMENT_TEAM = M456CSTQR2;
				GENERATE_INFOPLIST_FILE = YES;
				IPHONEOS_DEPLOYMENT_TARGET = 17.2;
				MARKETING_VERSION = 1.0;
				PRODUCT_BUNDLE_IDENTIFIER = com.bhavin.oza.FaceFactsTests;
				PRODUCT_NAME = "$(TARGET_NAME)";
				SWIFT_EMIT_LOC_STRINGS = NO;
				SWIFT_VERSION = 5.0;
				TARGETED_DEVICE_FAMILY = "1,2";
				TEST_HOST = "$(BUILT_PRODUCTS_DIR)/FaceFacts.app/$(BUNDLE_EXECUTABLE_FOLDER_PATH)/FaceFacts";
			};
			name = Debug;
		};
		F1441EAF2B8A73B9001BA4D7 /* Release */ = {
			isa = XCBuildConfiguration;
			buildSettings = {
				ALWAYS_EMBED_SWIFT_STANDARD_LIBRARIES = YES;
				BUNDLE_LOADER = "$(TEST_HOST)";
				CODE_SIGN_STYLE = Automatic;
				CURRENT_PROJECT_VERSION = 1;
				DEVELOPMENT_TEAM = M456CSTQR2;
				GENERATE_INFOPLIST_FILE = YES;
				IPHONEOS_DEPLOYMENT_TARGET = 17.2;
				MARKETING_VERSION = 1.0;
				PRODUCT_BUNDLE_IDENTIFIER = com.bhavin.oza.FaceFactsTests;
				PRODUCT_NAME = "$(TARGET_NAME)";
				SWIFT_EMIT_LOC_STRINGS = NO;
				SWIFT_VERSION = 5.0;
				TARGETED_DEVICE_FAMILY = "1,2";
				TEST_HOST = "$(BUILT_PRODUCTS_DIR)/FaceFacts.app/$(BUNDLE_EXECUTABLE_FOLDER_PATH)/FaceFacts";
			};
			name = Release;
		};
		F1441EB12B8A73B9001BA4D7 /* Debug */ = {
			isa = XCBuildConfiguration;
			buildSettings = {
				ALWAYS_EMBED_SWIFT_STANDARD_LIBRARIES = YES;
				CODE_SIGN_STYLE = Automatic;
				CURRENT_PROJECT_VERSION = 1;
				DEVELOPMENT_TEAM = M456CSTQR2;
				GENERATE_INFOPLIST_FILE = YES;
				MARKETING_VERSION = 1.0;
				PRODUCT_BUNDLE_IDENTIFIER = com.bhavin.oza.FaceFactsUITests;
				PRODUCT_NAME = "$(TARGET_NAME)";
				SWIFT_EMIT_LOC_STRINGS = NO;
				SWIFT_VERSION = 5.0;
				TARGETED_DEVICE_FAMILY = "1,2";
				TEST_TARGET_NAME = FaceFacts;
			};
			name = Debug;
		};
		F1441EB22B8A73B9001BA4D7 /* Release */ = {
			isa = XCBuildConfiguration;
			buildSettings = {
				ALWAYS_EMBED_SWIFT_STANDARD_LIBRARIES = YES;
				CODE_SIGN_STYLE = Automatic;
				CURRENT_PROJECT_VERSION = 1;
				DEVELOPMENT_TEAM = M456CSTQR2;
				GENERATE_INFOPLIST_FILE = YES;
				MARKETING_VERSION = 1.0;
				PRODUCT_BUNDLE_IDENTIFIER = com.bhavin.oza.FaceFactsUITests;
				PRODUCT_NAME = "$(TARGET_NAME)";
				SWIFT_EMIT_LOC_STRINGS = NO;
				SWIFT_VERSION = 5.0;
				TARGETED_DEVICE_FAMILY = "1,2";
				TEST_TARGET_NAME = FaceFacts;
			};
			name = Release;
		};
/* End XCBuildConfiguration section */

/* Begin XCConfigurationList section */
		F1441E812B8A73B4001BA4D7 /* Build configuration list for PBXProject "FaceFacts" */ = {
			isa = XCConfigurationList;
			buildConfigurations = (
				F1441EA82B8A73B9001BA4D7 /* Debug */,
				F1441EA92B8A73B9001BA4D7 /* Release */,
			);
			defaultConfigurationIsVisible = 0;
			defaultConfigurationName = Release;
		};
		F1441EAA2B8A73B9001BA4D7 /* Build configuration list for PBXNativeTarget "FaceFacts" */ = {
			isa = XCConfigurationList;
			buildConfigurations = (
				F1441EAB2B8A73B9001BA4D7 /* Debug */,
				F1441EAC2B8A73B9001BA4D7 /* Release */,
			);
			defaultConfigurationIsVisible = 0;
			defaultConfigurationName = Release;
		};
		F1441EAD2B8A73B9001BA4D7 /* Build configuration list for PBXNativeTarget "FaceFactsTests" */ = {
			isa = XCConfigurationList;
			buildConfigurations = (
				F1441EAE2B8A73B9001BA4D7 /* Debug */,
				F1441EAF2B8A73B9001BA4D7 /* Release */,
			);
			defaultConfigurationIsVisible = 0;
			defaultConfigurationName = Release;
		};
		F1441EB02B8A73B9001BA4D7 /* Build configuration list for PBXNativeTarget "FaceFactsUITests" */ = {
			isa = XCConfigurationList;
			buildConfigurations = (
				F1441EB12B8A73B9001BA4D7 /* Debug */,
				F1441EB22B8A73B9001BA4D7 /* Release */,
			);
			defaultConfigurationIsVisible = 0;
			defaultConfigurationName = Release;
		};
/* End XCConfigurationList section */
	};
	rootObject = F1441E7E2B8A73B4001BA4D7 /* Project object */;
}
